{
  "name": "dfplayer",
  "version": "1.0.0",
  "lockfileVersion": 1,
  "requires": true,
  "dependencies": {
    "@types/espruino": {
      "version": "1.94.3",
      "resolved": "https://registry.npmjs.org/@types/espruino/-/espruino-1.94.3.tgz",
      "integrity": "sha512-xfu2lQBNYLoLVNsYbiCPlFkWntGssyqkK0HdgSivMcYiCaEQ5h0KfizfTOG8XQkdlwiSTSbxf66Tg0ZSrBVCxg==",
      "dev": true
    },
    "typescript": {
      "version": "3.7.4",
      "resolved": "https://registry.npmjs.org/typescript/-/typescript-3.7.4.tgz",
      "integrity": "sha512-A25xv5XCtarLwXpcDNZzCGvW2D1S3/bACratYBx2sax8PefsFhlYmkQicKHvpYflFS8if4zne5zT5kpJ7pzuvw==",
      "dev": true
    }
  }
}
